
Microsoft Visual Studio Solution File, Format Version 12.00
# Visual Studio 15
VisualStudioVersion = 15.0.27004.2009
MinimumVisualStudioVersion = 10.0.40219.1
Project("{FAE04EC0-301F-11D3-BF4B-00C04F79EFBC}") = "Practica 3 series y ciclos", "Practica 3 series y ciclos\Practica 3 series y ciclos.csproj", "{FC5C20EE-2BF5-4246-95DC-F2C8534D4D1E}"
EndProject
Global
	GlobalSection(SolutionConfigurationPlatforms) = preSolution
		Debug|Any CPU = Debug|Any CPU
		Release|Any CPU = Release|Any CPU
	EndGlobalSection
	GlobalSection(ProjectConfigurationPlatforms) = postSolution
		{FC5C20EE-2BF5-4246-95DC-F2C8534D4D1E}.Debug|Any CPU.ActiveCfg = Debug|Any CPU
		{FC5C20EE-2BF5-4246-95DC-F2C8534D4D1E}.Debug|Any CPU.Build.0 = Debug|Any CPU
		{FC5C20EE-2BF5-4246-95DC-F2C8534D4D1E}.Release|Any CPU.ActiveCfg = Release|Any CPU
		{FC5C20EE-2BF5-4246-95DC-F2C8534D4D1E}.Release|Any CPU.Build.0 = Release|Any CPU
	EndGlobalSection
	GlobalSection(SolutionProperties) = preSolution
		HideSolutionNode = FALSE
	EndGlobalSection
	GlobalSection(ExtensibilityGlobals) = postSolution
		SolutionGuid = {836869CE-8867-4528-A555-E094EF7FDCAE}
	EndGlobalSection
EndGlobal
